// !$*UTF8*$!
{
	archiveVersion = 1;
	classes = {
	};
	objectVersion = 56;
	objects = {

/* Begin PBXBuildFile section */
		16EA812F2AEA2EF000AD8C7C /* City_GuidebookApp.swift in Sources */ = {isa = PBXBuildFile; fileRef = 16EA812E2AEA2EF000AD8C7C /* City_GuidebookApp.swift */; };
		16EA81312AEA2EF000AD8C7C /* CityView.swift in Sources */ = {isa = PBXBuildFile; fileRef = 16EA81302AEA2EF000AD8C7C /* CityView.swift */; };
		16EA81332AEA2EF200AD8C7C /* Assets.xcassets in Resources */ = {isa = PBXBuildFile; fileRef = 16EA81322AEA2EF200AD8C7C /* Assets.xcassets */; };
		16EA81362AEA2EF200AD8C7C /* Preview Assets.xcassets in Resources */ = {isa = PBXBuildFile; fileRef = 16EA81352AEA2EF200AD8C7C /* Preview Assets.xcassets */; };
		16EA813D2AEA2F2D00AD8C7C /* AttractionView.swift in Sources */ = {isa = PBXBuildFile; fileRef = 16EA813C2AEA2F2D00AD8C7C /* AttractionView.swift */; };
		16EA813F2AEA2F3400AD8C7C /* DetailView.swift in Sources */ = {isa = PBXBuildFile; fileRef = 16EA813E2AEA2F3400AD8C7C /* DetailView.swift */; };
		16EA81412AEA2F3D00AD8C7C /* DataService.swift in Sources */ = {isa = PBXBuildFile; fileRef = 16EA81402AEA2F3D00AD8C7C /* DataService.swift */; };
		16EA81432AEA2F5600AD8C7C /* City.swift in Sources */ = {isa = PBXBuildFile; fileRef = 16EA81422AEA2F5600AD8C7C /* City.swift */; };
		16EA81452AEA2F6400AD8C7C /* Attraction.swift in Sources */ = {isa = PBXBuildFile; fileRef = 16EA81442AEA2F6400AD8C7C /* Attraction.swift */; };
/* End PBXBuildFile section */

/* Begin PBXFileReference section */
		16EA812B2AEA2EF000AD8C7C /* City Guidebook.app */ = {isa = PBXFileReference; explicitFileType = wrapper.application; includeInIndex = 0; path = "City Guidebook.app"; sourceTree = BUILT_PRODUCTS_DIR; };
		16EA812E2AEA2EF000AD8C7C /* City_GuidebookApp.swift */ = {isa = PBXFileReference; lastKnownFileType = sourcecode.swift; path = City_GuidebookApp.swift; sourceTree = "<group>"; };
		16EA81302AEA2EF000AD8C7C /* CityView.swift */ = {isa = PBXFileReference; lastKnownFileType = sourcecode.swift; path = CityView.swift; sourceTree = "<group>"; };
		16EA81322AEA2EF200AD8C7C /* Assets.xcassets */ = {isa = PBXFileReference; lastKnownFileType = folder.assetcatalog; path = Assets.xcassets; sourceTree = "<group>"; };
		16EA81352AEA2EF200AD8C7C /* Preview Assets.xcassets */ = {isa = PBXFileReference; lastKnownFileType = folder.assetcatalog; path = "Preview Assets.xcassets"; sourceTree = "<group>"; };
		16EA813C2AEA2F2D00AD8C7C /* AttractionView.swift */ = {isa = PBXFileReference; lastKnownFileType = sourcecode.swift; path = AttractionView.swift; sourceTree = "<group>"; };
		16EA813E2AEA2F3400AD8C7C /* DetailView.swift */ = {isa = PBXFileReference; lastKnownFileType = sourcecode.swift; path = DetailView.swift; sourceTree = "<group>"; };
		16EA81402AEA2F3D00AD8C7C /* DataService.swift */ = {isa = PBXFileReference; lastKnownFileType = sourcecode.swift; path = DataService.swift; sourceTree = "<group>"; };
		16EA81422AEA2F5600AD8C7C /* City.swift */ = {isa = PBXFileReference; lastKnownFileType = sourcecode.swift; path = City.swift; sourceTree = "<group>"; };
		16EA81442AEA2F6400AD8C7C /* Attraction.swift */ = {isa = PBXFileReference; lastKnownFileType = sourcecode.swift; path = Attraction.swift; sourceTree = "<group>"; };
/* End PBXFileReference section */

/* Begin PBXFrameworksBuildPhase section */
		16EA81282AEA2EF000AD8C7C /* Frameworks */ = {
			isa = PBXFrameworksBuildPhase;
			buildActionMask = 2147483647;
			files = (
			);
			runOnlyForDeploymentPostprocessing = 0;
		};
/* End PBXFrameworksBuildPhase section */

/* Begin PBXGroup section */
		16EA81222AEA2EF000AD8C7C = {
			isa = PBXGroup;
			children = (
				16EA812D2AEA2EF000AD8C7C /* City Guidebook */,
				16EA812C2AEA2EF000AD8C7C /* Products */,
			);
			sourceTree = "<group>";
		};
		16EA812C2AEA2EF000AD8C7C /* Products */ = {
			isa = PBXGroup;
			children = (
				16EA812B2AEA2EF000AD8C7C /* City Guidebook.app */,
			);
			name = Products;
			sourceTree = "<group>";
		};
		16EA812D2AEA2EF000AD8C7C /* City Guidebook */ = {
			isa = PBXGroup;
			children = (
				16EA812E2AEA2EF000AD8C7C /* City_GuidebookApp.swift */,
				16EA81302AEA2EF000AD8C7C /* CityView.swift */,
				16EA813C2AEA2F2D00AD8C7C /* AttractionView.swift */,
				16EA813E2AEA2F3400AD8C7C /* DetailView.swift */,
				16EA81402AEA2F3D00AD8C7C /* DataService.swift */,
				16EA81422AEA2F5600AD8C7C /* City.swift */,
				16EA81442AEA2F6400AD8C7C /* Attraction.swift */,
				16EA81322AEA2EF200AD8C7C /* Assets.xcassets */,
				16EA81342AEA2EF200AD8C7C /* Preview Content */,
			);
			path = "City Guidebook";
			sourceTree = "<group>";
		};
		16EA81342AEA2EF200AD8C7C /* Preview Content */ = {
			isa = PBXGroup;
			children = (
				16EA81352AEA2EF200AD8C7C /* Preview Assets.xcassets */,
			);
			path = "Preview Content";
			sourceTree = "<group>";
		};
/* End PBXGroup section */

/* Begin PBXNativeTarget section */
		16EA812A2AEA2EF000AD8C7C /* City Guidebook */ = {
			isa = PBXNativeTarget;
			buildConfigurationList = 16EA81392AEA2EF200AD8C7C /* Build configuration list for PBXNativeTarget "City Guidebook" */;
			buildPhases = (
				16EA81272AEA2EF000AD8C7C /* Sources */,
				16EA81282AEA2EF000AD8C7C /* Frameworks */,
				16EA81292AEA2EF000AD8C7C /* Resources */,
			);
			buildRules = (
			);
			dependencies = (
			);
			name = "City Guidebook";
			productName = "City Guidebook";
			productReference = 16EA812B2AEA2EF000AD8C7C /* City Guidebook.app */;
			productType = "com.apple.product-type.application";
		};
/* End PBXNativeTarget section */

/* Begin PBXProject section */
		16EA81232AEA2EF000AD8C7C /* Project object */ = {
			isa = PBXProject;
			attributes = {
				BuildIndependentTargetsInParallel = 1;
				LastSwiftUpdateCheck = 1430;
				LastUpgradeCheck = 1430;
				TargetAttributes = {
					16EA812A2AEA2EF000AD8C7C = {
						CreatedOnToolsVersion = 14.3;
					};
				};
			};
			buildConfigurationList = 16EA81262AEA2EF000AD8C7C /* Build configuration list for PBXProject "City Guidebook" */;
			compatibilityVersion = "Xcode 14.0";
			developmentRegion = en;
			hasScannedForEncodings = 0;
			knownRegions = (
				en,
				Base,
			);
			mainGroup = 16EA81222AEA2EF000AD8C7C;
			productRefGroup = 16EA812C2AEA2EF000AD8C7C /* Products */;
			projectDirPath = "";
			projectRoot = "";
			targets = (
				16EA812A2AEA2EF000AD8C7C /* City Guidebook */,
			);
		};
/* End PBXProject section */

/* Begin PBXResourcesBuildPhase section */
		16EA81292AEA2EF000AD8C7C /* Resources */ = {
			isa = PBXResourcesBuildPhase;
			buildActionMask = 2147483647;
			files = (
				16EA81362AEA2EF200AD8C7C /* Preview Assets.xcassets in Resources */,
				16EA81332AEA2EF200AD8C7C /* Assets.xcassets in Resources */,
			);
			runOnlyForDeploymentPostprocessing = 0;
		};
/* End PBXResourcesBuildPhase section */

/* Begin PBXSourcesBuildPhase section */
		16EA81272AEA2EF000AD8C7C /* Sources */ = {
			isa = PBXSourcesBuildPhase;
			buildActionMask = 2147483647;
			files = (
				16EA81312AEA2EF000AD8C7C /* CityView.swift in Sources */,
				16EA813F2AEA2F3400AD8C7C /* DetailView.swift in Sources */,
				16EA81432AEA2F5600AD8C7C /* City.swift in Sources */,
				16EA81452AEA2F6400AD8C7C /* Attraction.swift in Sources */,
				16EA812F2AEA2EF000AD8C7C /* City_GuidebookApp.swift in Sources */,
				16EA813D2AEA2F2D00AD8C7C /* AttractionView.swift in Sources */,
				16EA81412AEA2F3D00AD8C7C /* DataService.swift in Sources */,
			);
			runOnlyForDeploymentPostprocessing = 0;
		};
/* End PBXSourcesBuildPhase section */

/* Begin XCBuildConfiguration section */
		16EA81372AEA2EF200AD8C7C /* Debug */ = {
			isa = XCBuildConfiguration;
			buildSettings = {
				ALWAYS_SEARCH_USER_PATHS = NO;
				CLANG_ANALYZER_NONNULL = YES;
				CLANG_ANALYZER_NUMBER_OBJECT_CONVERSION = YES_AGGRESSIVE;
				CLANG_CXX_LANGUAGE_STANDARD = "gnu++20";
				CLANG_ENABLE_MODULES = YES;
				CLANG_ENABLE_OBJC_ARC = YES;
				CLANG_ENABLE_OBJC_WEAK = YES;
				CLANG_WARN_BLOCK_CAPTURE_AUTORELEASING = YES;
				CLANG_WARN_BOOL_CONVERSION = YES;
				CLANG_WARN_COMMA = YES;
				CLANG_WARN_CONSTANT_CONVERSION = YES;
				CLANG_WARN_DEPRECATED_OBJC_IMPLEMENTATIONS = YES;
				CLANG_WARN_DIRECT_OBJC_ISA_USAGE = YES_ERROR;
				CLANG_WARN_DOCUMENTATION_COMMENTS = YES;
				CLANG_WARN_EMPTY_BODY = YES;
				CLANG_WARN_ENUM_CONVERSION = YES;
				CLANG_WARN_INFINITE_RECURSION = YES;
				CLANG_WARN_INT_CONVERSION = YES;
				CLANG_WARN_NON_LITERAL_NULL_CONVERSION = YES;
				CLANG_WARN_OBJC_IMPLICIT_RETAIN_SELF = YES;
				CLANG_WARN_OBJC_LITERAL_CONVERSION = YES;
				CLANG_WARN_OBJC_ROOT_CLASS = YES_ERROR;
				CLANG_WARN_QUOTED_INCLUDE_IN_FRAMEWORK_HEADER = YES;
				CLANG_WARN_RANGE_LOOP_ANALYSIS = YES;
				CLANG_WARN_STRICT_PROTOTYPES = YES;
				CLANG_WARN_SUSPICIOUS_MOVE = YES;
				CLANG_WARN_UNGUARDED_AVAILABILITY = YES_AGGRESSIVE;
				CLANG_WARN_UNREACHABLE_CODE = YES;
				CLANG_WARN__DUPLICATE_METHOD_MATCH = YES;
				COPY_PHASE_STRIP = NO;
				DEBUG_INFORMATION_FORMAT = dwarf;
				ENABLE_STRICT_OBJC_MSGSEND = YES;
				ENABLE_TESTABILITY = YES;
				GCC_C_LANGUAGE_STANDARD = gnu11;
				GCC_DYNAMIC_NO_PIC = NO;
				GCC_NO_COMMON_BLOCKS = YES;
				GCC_OPTIMIZATION_LEVEL = 0;
				GCC_PREPROCESSOR_DEFINITIONS = (
					"DEBUG=1",
					"$(inherited)",
				);
				GCC_WARN_64_TO_32_BIT_CONVERSION = YES;
				GCC_WARN_ABOUT_RETURN_TYPE = YES_ERROR;
				GCC_WARN_UNDECLARED_SELECTOR = YES;
				GCC_WARN_UNINITIALIZED_AUTOS = YES_AGGRESSIVE;
				GCC_WARN_UNUSED_FUNCTION = YES;
				GCC_WARN_UNUSED_VARIABLE = YES;
				IPHONEOS_DEPLOYMENT_TARGET = 16.4;
				MTL_ENABLE_DEBUG_INFO = INCLUDE_SOURCE;
				MTL_FAST_MATH = YES;
				ONLY_ACTIVE_ARCH = YES;
				SDKROOT = iphoneos;
				SWIFT_ACTIVE_COMPILATION_CONDITIONS = DEBUG;
				SWIFT_OPTIMIZATION_LEVEL = "-Onone";
			};
			name = Debug;
		};
		16EA81382AEA2EF200AD8C7C /* Release */ = {
			isa = XCBuildConfiguration;
			buildSettings = {
				ALWAYS_SEARCH_USER_PATHS = NO;
				CLANG_ANALYZER_NONNULL = YES;
				CLANG_ANALYZER_NUMBER_OBJECT_CONVERSION = YES_AGGRESSIVE;
				CLANG_CXX_LANGUAGE_STANDARD = "gnu++20";
				CLANG_ENABLE_MODULES = YES;
				CLANG_ENABLE_OBJC_ARC = YES;
				CLANG_ENABLE_OBJC_WEAK = YES;
				CLANG_WARN_BLOCK_CAPTURE_AUTORELEASING = YES;
				CLANG_WARN_BOOL_CONVERSION = YES;
				CLANG_WARN_COMMA = YES;
				CLANG_WARN_CONSTANT_CONVERSION = YES;
				CLANG_WARN_DEPRECATED_OBJC_IMPLEMENTATIONS = YES;
				CLANG_WARN_DIRECT_OBJC_ISA_USAGE = YES_ERROR;
				CLANG_WARN_DOCUMENTATION_COMMENTS = YES;
				CLANG_WARN_EMPTY_BODY = YES;
				CLANG_WARN_ENUM_CONVERSION = YES;
				CLANG_WARN_INFINITE_RECURSION = YES;
				CLANG_WARN_INT_CONVERSION = YES;
				CLANG_WARN_NON_LITERAL_NULL_CONVERSION = YES;
				CLANG_WARN_OBJC_IMPLICIT_RETAIN_SELF = YES;
				CLANG_WARN_OBJC_LITERAL_CONVERSION = YES;
				CLANG_WARN_OBJC_ROOT_CLASS = YES_ERROR;
				CLANG_WARN_QUOTED_INCLUDE_IN_FRAMEWORK_HEADER = YES;
				CLANG_WARN_RANGE_LOOP_ANALYSIS = YES;
				CLANG_WARN_STRICT_PROTOTYPES = YES;
				CLANG_WARN_SUSPICIOUS_MOVE = YES;
				CLANG_WARN_UNGUARDED_AVAILABILITY = YES_AGGRESSIVE;
				CLANG_WARN_UNREACHABLE_CODE = YES;
				CLANG_WARN__DUPLICATE_METHOD_MATCH = YES;
				COPY_PHASE_STRIP = NO;
				DEBUG_INFORMATION_FORMAT = "dwarf-with-dsym";
				ENABLE_NS_ASSERTIONS = NO;
				ENABLE_STRICT_OBJC_MSGSEND = YES;
				GCC_C_LANGUAGE_STANDARD = gnu11;
				GCC_NO_COMMON_BLOCKS = YES;
				GCC_WARN_64_TO_32_BIT_CONVERSION = YES;
				GCC_WARN_ABOUT_RETURN_TYPE = YES_ERROR;
				GCC_WARN_UNDECLARED_SELECTOR = YES;
				GCC_WARN_UNINITIALIZED_AUTOS = YES_AGGRESSIVE;
				GCC_WARN_UNUSED_FUNCTION = YES;
				GCC_WARN_UNUSED_VARIABLE = YES;
				IPHONEOS_DEPLOYMENT_TARGET = 16.4;
				MTL_ENABLE_DEBUG_INFO = NO;
				MTL_FAST_MATH = YES;
				SDKROOT = iphoneos;
				SWIFT_COMPILATION_MODE = wholemodule;
				SWIFT_OPTIMIZATION_LEVEL = "-O";
				VALIDATE_PRODUCT = YES;
			};
			name = Release;
		};
		16EA813A2AEA2EF200AD8C7C /* Debug */ = {
			isa = XCBuildConfiguration;
			buildSettings = {
				ASSETCATALOG_COMPILER_APPICON_NAME = AppIcon;
				ASSETCATALOG_COMPILER_GLOBAL_ACCENT_COLOR_NAME = AccentColor;
				CODE_SIGN_STYLE = Automatic;
				CURRENT_PROJECT_VERSION = 1;
				DEVELOPMENT_ASSET_PATHS = "\"City Guidebook/Preview Content\"";
				DEVELOPMENT_TEAM = MGX4V5XP6T;
				ENABLE_PREVIEWS = YES;
				GENERATE_INFOPLIST_FILE = YES;
				INFOPLIST_KEY_UIApplicationSceneManifest_Generation = YES;
				INFOPLIST_KEY_UIApplicationSupportsIndirectInputEvents = YES;
				INFOPLIST_KEY_UILaunchScreen_Generation = YES;
				INFOPLIST_KEY_UISupportedInterfaceOrientations_iPad = "UIInterfaceOrientationPortrait UIInterfaceOrientationPortraitUpsideDown UIInterfaceOrientationLandscapeLeft UIInterfaceOrientationLandscapeRight";
				INFOPLIST_KEY_UISupportedInterfaceOrientations_iPhone = "UIInterfaceOrientationPortrait UIInterfaceOrientationLandscapeLeft UIInterfaceOrientationLandscapeRight";
				LD_RUNPATH_SEARCH_PATHS = (
					"$(inherited)",
					"@executable_path/Frameworks",
				);
				MARKETING_VERSION = 1.0;
				PRODUCT_BUNDLE_IDENTIFIER = "com.hoover.City-Guidebook";
				PRODUCT_NAME = "$(TARGET_NAME)";
				SWIFT_EMIT_LOC_STRINGS = YES;
				SWIFT_VERSION = 5.0;
				TARGETED_DEVICE_FAMILY = "1,2";
			};
			name = Debug;
		};
		16EA813B2AEA2EF200AD8C7C /* Release */ = {
			isa = XCBuildConfiguration;
			buildSettings = {
				ASSETCATALOG_COMPILER_APPICON_NAME = AppIcon;
				ASSETCATALOG_COMPILER_GLOBAL_ACCENT_COLOR_NAME = AccentColor;
				CODE_SIGN_STYLE = Automatic;
				CURRENT_PROJECT_VERSION = 1;
				DEVELOPMENT_ASSET_PATHS = "\"City Guidebook/Preview Content\"";
				DEVELOPMENT_TEAM = MGX4V5XP6T;
				ENABLE_PREVIEWS = YES;
				GENERATE_INFOPLIST_FILE = YES;
				INFOPLIST_KEY_UIApplicationSceneManifest_Generation = YES;
				INFOPLIST_KEY_UIApplicationSupportsIndirectInputEvents = YES;
				INFOPLIST_KEY_UILaunchScreen_Generation = YES;
				INFOPLIST_KEY_UISupportedInterfaceOrientations_iPad = "UIInterfaceOrientationPortrait UIInterfaceOrientationPortraitUpsideDown UIInterfaceOrientationLandscapeLeft UIInterfaceOrientationLandscapeRight";
				INFOPLIST_KEY_UISupportedInterfaceOrientations_iPhone = "UIInterfaceOrientationPortrait UIInterfaceOrientationLandscapeLeft UIInterfaceOrientationLandscapeRight";
				LD_RUNPATH_SEARCH_PATHS = (
					"$(inherited)",
					"@executable_path/Frameworks",
				);
				MARKETING_VERSION = 1.0;
				PRODUCT_BUNDLE_IDENTIFIER = "com.hoover.City-Guidebook";
				PRODUCT_NAME = "$(TARGET_NAME)";
				SWIFT_EMIT_LOC_STRINGS = YES;
				SWIFT_VERSION = 5.0;
				TARGETED_DEVICE_FAMILY = "1,2";
			};
			name = Release;
		};
/* End XCBuildConfiguration section */

/* Begin XCConfigurationList section */
		16EA81262AEA2EF000AD8C7C /* Build configuration list for PBXProject "City Guidebook" */ = {
			isa = XCConfigurationList;
			buildConfigurations = (
				16EA81372AEA2EF200AD8C7C /* Debug */,
				16EA81382AEA2EF200AD8C7C /* Release */,
			);
			defaultConfigurationIsVisible = 0;
			defaultConfigurationName = Release;
		};
		16EA81392AEA2EF200AD8C7C /* Build configuration list for PBXNativeTarget "City Guidebook" */ = {
			isa = XCConfigurationList;
			buildConfigurations = (
				16EA813A2AEA2EF200AD8C7C /* Debug */,
				16EA813B2AEA2EF200AD8C7C /* Release */,
			);
			defaultConfigurationIsVisible = 0;
			defaultConfigurationName = Release;
		};
/* End XCConfigurationList section */
	};
	rootObject = 16EA81232AEA2EF000AD8C7C /* Project object */;
}
